
Microsoft Visual Studio Solution File, Format Version 11.00
# Visual Studio 2010
# SharpDevelop 4.4
Project("{FD48973F-F585-4F70-812B-4D0503B36CE9}") = "Lang54CNEW", "Lang54CNEW\Lang54CNEW.pyproj", "{BC0126F0-146A-4C01-991B-4707ED1446A6}"
EndProject
Global
	GlobalSection(SolutionConfigurationPlatforms) = preSolution
		Debug|Any CPU = Debug|Any CPU
		Release|Any CPU = Release|Any CPU
	EndGlobalSection
	GlobalSection(ProjectConfigurationPlatforms) = postSolution
		{BC0126F0-146A-4C01-991B-4707ED1446A6}.Debug|Any CPU.Build.0 = Debug|Any CPU
		{BC0126F0-146A-4C01-991B-4707ED1446A6}.Debug|Any CPU.ActiveCfg = Debug|Any CPU
		{BC0126F0-146A-4C01-991B-4707ED1446A6}.Release|Any CPU.Build.0 = Release|Any CPU
		{BC0126F0-146A-4C01-991B-4707ED1446A6}.Release|Any CPU.ActiveCfg = Release|Any CPU
	EndGlobalSection
EndGlobal
