
Microsoft Visual Studio Solution File, Format Version 11.00
# Visual Studio 2010
# SharpDevelop 4.4
Project("{FD48973F-F585-4F70-812B-4D0503B36CE9}") = "Hello", "Hello\Hello.pyproj", "{E65568D5-3979-4E0C-B5E1-95CEC4D1858E}"
EndProject
Global
	GlobalSection(SolutionConfigurationPlatforms) = preSolution
		Debug|Any CPU = Debug|Any CPU
		Release|Any CPU = Release|Any CPU
	EndGlobalSection
	GlobalSection(ProjectConfigurationPlatforms) = postSolution
		{E65568D5-3979-4E0C-B5E1-95CEC4D1858E}.Debug|Any CPU.Build.0 = Debug|Any CPU
		{E65568D5-3979-4E0C-B5E1-95CEC4D1858E}.Debug|Any CPU.ActiveCfg = Debug|Any CPU
		{E65568D5-3979-4E0C-B5E1-95CEC4D1858E}.Release|Any CPU.Build.0 = Release|Any CPU
		{E65568D5-3979-4E0C-B5E1-95CEC4D1858E}.Release|Any CPU.ActiveCfg = Release|Any CPU
	EndGlobalSection
EndGlobal
