
Microsoft Visual Studio Solution File, Format Version 11.00
# Visual Studio 2010
# SharpDevelop 4.4
Project("{FD48973F-F585-4F70-812B-4D0503B36CE9}") = "Lang54C 3.0", "Lang54C 3.0\Lang54C 3.0.pyproj", "{6F85345A-0DAC-4A37-AA6A-158FEFA9D7E5}"
EndProject
Global
	GlobalSection(SolutionConfigurationPlatforms) = preSolution
		Debug|Any CPU = Debug|Any CPU
		Release|Any CPU = Release|Any CPU
	EndGlobalSection
	GlobalSection(ProjectConfigurationPlatforms) = postSolution
		{6F85345A-0DAC-4A37-AA6A-158FEFA9D7E5}.Debug|Any CPU.Build.0 = Debug|Any CPU
		{6F85345A-0DAC-4A37-AA6A-158FEFA9D7E5}.Debug|Any CPU.ActiveCfg = Debug|Any CPU
		{6F85345A-0DAC-4A37-AA6A-158FEFA9D7E5}.Release|Any CPU.Build.0 = Release|Any CPU
		{6F85345A-0DAC-4A37-AA6A-158FEFA9D7E5}.Release|Any CPU.ActiveCfg = Release|Any CPU
	EndGlobalSection
EndGlobal
